
Microsoft Visual Studio Solution File, Format Version 12.00
Project("{F2A71F9B-5D33-465A-A702-920D77279786}") = "WoofWare.Whippet", "WoofWare.Whippet\WoofWare.Whippet.fsproj", "{85B34488-847A-4784-8001-E4D1715F5ADD}"
EndProject
Project("{F2A71F9B-5D33-465A-A702-920D77279786}") = "WoofWare.Whippet.Core", "WoofWare.Whippet.Core\WoofWare.Whippet.Core.fsproj", "{BFBE848C-E9C0-4152-B956-B8A25DFFDA9C}"
EndProject
Project("{F2A71F9B-5D33-465A-A702-920D77279786}") = "WoofWare.Whippet.Test", "WoofWare.Whippet.Test\WoofWare.Whippet.Test.fsproj", "{A2E2A639-D17D-426D-B424-0139B4DBCF8F}"
EndProject
Project("{F2A71F9B-5D33-465A-A702-920D77279786}") = "WoofWare.Whippet.Fantomas", "WoofWare.Whippet.Fantomas\WoofWare.Whippet.Fantomas.fsproj", "{2D4FC000-94DC-4456-A7AA-A5776B91FB65}"
EndProject
Project("{F2A71F9B-5D33-465A-A702-920D77279786}") = "WoofWare.Whippet.Fantomas.Test", "WoofWare.Whippet.Fantomas.Test\WoofWare.Whippet.Fantomas.Test.fsproj", "{E220B17E-D608-43CB-B117-329BA240B13B}"
EndProject
Project("{F2A71F9B-5D33-465A-A702-920D77279786}") = "WoofWare.Whippet.Plugin.ArgParser", "Plugins\ArgParser\WoofWare.Whippet.Plugin.ArgParser\WoofWare.Whippet.Plugin.ArgParser.fsproj", "{C8165033-31E4-43A1-AE30-D2F2B1217374}"
EndProject
Project("{F2A71F9B-5D33-465A-A702-920D77279786}") = "WoofWare.Whippet.Plugin.ArgParser.Attributes", "Plugins\ArgParser\WoofWare.Whippet.Plugin.ArgParser.Attributes\WoofWare.Whippet.Plugin.ArgParser.Attributes.fsproj", "{6AD1F2B6-4E91-4587-AF93-7EABAE9D3203}"
EndProject
Project("{F2A71F9B-5D33-465A-A702-920D77279786}") = "WoofWare.Whippet.Plugin.ArgParser.Consumer", "Plugins\ArgParser\WoofWare.Whippet.Plugin.ArgParser.Consumer\WoofWare.Whippet.Plugin.ArgParser.Consumer.fsproj", "{7CD49A84-0B37-4CCC-BE5D-05BE828B5B97}"
EndProject
Project("{F2A71F9B-5D33-465A-A702-920D77279786}") = "WoofWare.Whippet.Plugin.ArgParser.Test", "Plugins\ArgParser\WoofWare.Whippet.Plugin.ArgParser\WoofWare.Whippet.Plugin.ArgParser.Test\WoofWare.Whippet.Plugin.ArgParser.Test.fsproj", "{DFF9FCEE-CD1A-450E-A71D-BD0CD267D5B4}"
EndProject
Project("{F2A71F9B-5D33-465A-A702-920D77279786}") = "WoofWare.Whippet.Plugin.Json", "Plugins\Json\WoofWare.Whippet.Plugin.Json\WoofWare.Whippet.Plugin.Json.fsproj", "{8164E85B-3E7F-4F0B-8E25-CFA67E189668}"
EndProject
Project("{F2A71F9B-5D33-465A-A702-920D77279786}") = "WoofWare.Whippet.Plugin.Json.Consumer", "Plugins\Json\WoofWare.Whippet.Plugin.Json.Consumer\WoofWare.Whippet.Plugin.Json.Consumer.fsproj", "{9DE5BA14-F8F8-4E3F-8C32-2A3439A906AC}"
EndProject
Project("{F2A71F9B-5D33-465A-A702-920D77279786}") = "WoofWare.Whippet.Plugin.Json.Test", "Plugins\Json\WoofWare.Whippet.Plugin.Json\WoofWare.Whippet.Plugin.Json.Test\WoofWare.Whippet.Plugin.Json.Test.fsproj", "{0BBF5FEB-0BC6-4EDA-94E8-44DCDFDBB1CF}"
EndProject
Project("{F2A71F9B-5D33-465A-A702-920D77279786}") = "WoofWare.Whippet.Plugin.Json.Attributes", "Plugins\Json\WoofWare.Whippet.Plugin.Json.Attributes\WoofWare.Whippet.Plugin.Json.Attributes.fsproj", "{649938B1-9993-4422-A9D9-5075323833E3}"
EndProject
Project("{F2A71F9B-5D33-465A-A702-920D77279786}") = "WoofWare.Whippet.App", "WoofWare.Whippet.App\WoofWare.Whippet.App.fsproj", "{A2258153-1C1F-4B25-B49A-BCC8EA4A3278}"
EndProject
Project("{F2A71F9B-5D33-465A-A702-920D77279786}") = "WoofWare.Whippet.Plugin.HttpClient", "Plugins\HttpClient\WoofWare.Whippet.Plugin.HttpClient\WoofWare.Whippet.Plugin.HttpClient.fsproj", "{53352296-A95F-4153-BABB-BF1D4B1C3531}"
EndProject
Project("{F2A71F9B-5D33-465A-A702-920D77279786}") = "WoofWare.Whippet.Plugin.HttpClient.Attributes", "Plugins\HttpClient\WoofWare.Whippet.Plugin.HttpClient.Attributes\WoofWare.Whippet.Plugin.HttpClient.Attributes.fsproj", "{985634CD-739C-43E4-8469-C75C20DC7D9F}"
EndProject
Project("{F2A71F9B-5D33-465A-A702-920D77279786}") = "WoofWare.Whippet.Plugin.HttpClient.Consumer", "Plugins\HttpClient\WoofWare.Whippet.Plugin.HttpClient.Consumer\WoofWare.Whippet.Plugin.HttpClient.Consumer.fsproj", "{6754719D-E942-4EBE-AB2B-6FAD997DB685}"
EndProject
Project("{F2A71F9B-5D33-465A-A702-920D77279786}") = "WoofWare.Whippet.Plugin.HttpClient.Test", "Plugins\HttpClient\WoofWare.Whippet.Plugin.HttpClient\WoofWare.Whippet.Plugin.HttpClient.Test\WoofWare.Whippet.Plugin.HttpClient.Test.fsproj", "{4DDD15F1-F273-441B-92F3-76BD9C089529}"
EndProject
Project("{F2A71F9B-5D33-465A-A702-920D77279786}") = "WoofWare.Whippet.Plugin.InterfaceMock", "Plugins\InterfaceMock\WoofWare.Whippet.Plugin.InterfaceMock\WoofWare.Whippet.Plugin.InterfaceMock.fsproj", "{C69E6668-87D9-4371-ACB3-2E671938A598}"
EndProject
Project("{F2A71F9B-5D33-465A-A702-920D77279786}") = "WoofWare.Whippet.Plugin.InterfaceMock.Consumer", "Plugins\InterfaceMock\WoofWare.Whippet.Plugin.InterfaceMock.Consumer\WoofWare.Whippet.Plugin.InterfaceMock.Consumer.fsproj", "{65C9BCE0-00CD-4CAE-AB0F-A9194B34ABAA}"
EndProject
Project("{F2A71F9B-5D33-465A-A702-920D77279786}") = "WoofWare.Whippet.Plugin.InterfaceMock.Test", "Plugins\InterfaceMock\WoofWare.Whippet.Plugin.InterfaceMock\WoofWare.Whippet.Plugin.InterfaceMock.Test\WoofWare.Whippet.Plugin.InterfaceMock.Test.fsproj", "{1B0D4C01-66CD-4E91-9DA5-9ED4F3319AFA}"
EndProject
Project("{F2A71F9B-5D33-465A-A702-920D77279786}") = "WoofWare.Whippet.Plugin.Swagger", "Plugins\Swagger\WoofWare.Whippet.Plugin.Swagger\WoofWare.Whippet.Plugin.Swagger.fsproj", "{114895ED-FE7A-498B-9F60-FECA85A88422}"
EndProject
Project("{F2A71F9B-5D33-465A-A702-920D77279786}") = "WoofWare.Whippet.Plugin.Swagger.Consumer", "Plugins\Swagger\WoofWare.Whippet.Plugin.Swagger.Consumer\WoofWare.Whippet.Plugin.Swagger.Consumer.fsproj", "{0E6A57A6-FCB5-4D57-8C4B-9081D347028C}"
EndProject
Project("{F2A71F9B-5D33-465A-A702-920D77279786}") = "WoofWare.Whippet.Plugin.Swagger.Test", "Plugins\Swagger\WoofWare.Whippet.Plugin.Swagger\WoofWare.Whippet.Plugin.Swagger.Test\WoofWare.Whippet.Plugin.Swagger.Test.fsproj", "{320D227C-6C26-4B62-8DD4-0EA420C36D7E}"
EndProject
Project("{F2A71F9B-5D33-465A-A702-920D77279786}") = "WoofWare.Whippet.Plugin.InterfaceMock.Attributes", "Plugins\InterfaceMock\WoofWare.Whippet.Plugin.InterfaceMock.Attributes\WoofWare.Whippet.Plugin.InterfaceMock.Attributes.fsproj", "{A3DCC00E-AA51-408B-93C3-5F227CFFCBD3}"
EndProject
Global
	GlobalSection(SolutionConfigurationPlatforms) = preSolution
		Debug|Any CPU = Debug|Any CPU
		Release|Any CPU = Release|Any CPU
	EndGlobalSection
	GlobalSection(ProjectConfigurationPlatforms) = postSolution
		{85B34488-847A-4784-8001-E4D1715F5ADD}.Debug|Any CPU.ActiveCfg = Debug|Any CPU
		{85B34488-847A-4784-8001-E4D1715F5ADD}.Debug|Any CPU.Build.0 = Debug|Any CPU
		{85B34488-847A-4784-8001-E4D1715F5ADD}.Release|Any CPU.ActiveCfg = Release|Any CPU
		{85B34488-847A-4784-8001-E4D1715F5ADD}.Release|Any CPU.Build.0 = Release|Any CPU
		{BFBE848C-E9C0-4152-B956-B8A25DFFDA9C}.Debug|Any CPU.ActiveCfg = Debug|Any CPU
		{BFBE848C-E9C0-4152-B956-B8A25DFFDA9C}.Debug|Any CPU.Build.0 = Debug|Any CPU
		{BFBE848C-E9C0-4152-B956-B8A25DFFDA9C}.Release|Any CPU.ActiveCfg = Release|Any CPU
		{BFBE848C-E9C0-4152-B956-B8A25DFFDA9C}.Release|Any CPU.Build.0 = Release|Any CPU
		{A2E2A639-D17D-426D-B424-0139B4DBCF8F}.Debug|Any CPU.ActiveCfg = Debug|Any CPU
		{A2E2A639-D17D-426D-B424-0139B4DBCF8F}.Debug|Any CPU.Build.0 = Debug|Any CPU
		{A2E2A639-D17D-426D-B424-0139B4DBCF8F}.Release|Any CPU.ActiveCfg = Release|Any CPU
		{A2E2A639-D17D-426D-B424-0139B4DBCF8F}.Release|Any CPU.Build.0 = Release|Any CPU
		{2D4FC000-94DC-4456-A7AA-A5776B91FB65}.Debug|Any CPU.ActiveCfg = Debug|Any CPU
		{2D4FC000-94DC-4456-A7AA-A5776B91FB65}.Debug|Any CPU.Build.0 = Debug|Any CPU
		{2D4FC000-94DC-4456-A7AA-A5776B91FB65}.Release|Any CPU.ActiveCfg = Release|Any CPU
		{2D4FC000-94DC-4456-A7AA-A5776B91FB65}.Release|Any CPU.Build.0 = Release|Any CPU
		{E220B17E-D608-43CB-B117-329BA240B13B}.Debug|Any CPU.ActiveCfg = Debug|Any CPU
		{E220B17E-D608-43CB-B117-329BA240B13B}.Debug|Any CPU.Build.0 = Debug|Any CPU
		{E220B17E-D608-43CB-B117-329BA240B13B}.Release|Any CPU.ActiveCfg = Release|Any CPU
		{E220B17E-D608-43CB-B117-329BA240B13B}.Release|Any CPU.Build.0 = Release|Any CPU
		{C8165033-31E4-43A1-AE30-D2F2B1217374}.Debug|Any CPU.ActiveCfg = Debug|Any CPU
		{C8165033-31E4-43A1-AE30-D2F2B1217374}.Debug|Any CPU.Build.0 = Debug|Any CPU
		{C8165033-31E4-43A1-AE30-D2F2B1217374}.Release|Any CPU.ActiveCfg = Release|Any CPU
		{C8165033-31E4-43A1-AE30-D2F2B1217374}.Release|Any CPU.Build.0 = Release|Any CPU
		{6AD1F2B6-4E91-4587-AF93-7EABAE9D3203}.Debug|Any CPU.ActiveCfg = Debug|Any CPU
		{6AD1F2B6-4E91-4587-AF93-7EABAE9D3203}.Debug|Any CPU.Build.0 = Debug|Any CPU
		{6AD1F2B6-4E91-4587-AF93-7EABAE9D3203}.Release|Any CPU.ActiveCfg = Release|Any CPU
		{6AD1F2B6-4E91-4587-AF93-7EABAE9D3203}.Release|Any CPU.Build.0 = Release|Any CPU
		{7CD49A84-0B37-4CCC-BE5D-05BE828B5B97}.Debug|Any CPU.ActiveCfg = Debug|Any CPU
		{7CD49A84-0B37-4CCC-BE5D-05BE828B5B97}.Debug|Any CPU.Build.0 = Debug|Any CPU
		{7CD49A84-0B37-4CCC-BE5D-05BE828B5B97}.Release|Any CPU.ActiveCfg = Release|Any CPU
		{7CD49A84-0B37-4CCC-BE5D-05BE828B5B97}.Release|Any CPU.Build.0 = Release|Any CPU
		{DFF9FCEE-CD1A-450E-A71D-BD0CD267D5B4}.Debug|Any CPU.ActiveCfg = Debug|Any CPU
		{DFF9FCEE-CD1A-450E-A71D-BD0CD267D5B4}.Debug|Any CPU.Build.0 = Debug|Any CPU
		{DFF9FCEE-CD1A-450E-A71D-BD0CD267D5B4}.Release|Any CPU.ActiveCfg = Release|Any CPU
		{DFF9FCEE-CD1A-450E-A71D-BD0CD267D5B4}.Release|Any CPU.Build.0 = Release|Any CPU
		{8164E85B-3E7F-4F0B-8E25-CFA67E189668}.Debug|Any CPU.ActiveCfg = Debug|Any CPU
		{8164E85B-3E7F-4F0B-8E25-CFA67E189668}.Debug|Any CPU.Build.0 = Debug|Any CPU
		{8164E85B-3E7F-4F0B-8E25-CFA67E189668}.Release|Any CPU.ActiveCfg = Release|Any CPU
		{8164E85B-3E7F-4F0B-8E25-CFA67E189668}.Release|Any CPU.Build.0 = Release|Any CPU
		{9DE5BA14-F8F8-4E3F-8C32-2A3439A906AC}.Debug|Any CPU.ActiveCfg = Debug|Any CPU
		{9DE5BA14-F8F8-4E3F-8C32-2A3439A906AC}.Debug|Any CPU.Build.0 = Debug|Any CPU
		{9DE5BA14-F8F8-4E3F-8C32-2A3439A906AC}.Release|Any CPU.ActiveCfg = Release|Any CPU
		{9DE5BA14-F8F8-4E3F-8C32-2A3439A906AC}.Release|Any CPU.Build.0 = Release|Any CPU
		{0BBF5FEB-0BC6-4EDA-94E8-44DCDFDBB1CF}.Debug|Any CPU.ActiveCfg = Debug|Any CPU
		{0BBF5FEB-0BC6-4EDA-94E8-44DCDFDBB1CF}.Debug|Any CPU.Build.0 = Debug|Any CPU
		{0BBF5FEB-0BC6-4EDA-94E8-44DCDFDBB1CF}.Release|Any CPU.ActiveCfg = Release|Any CPU
		{0BBF5FEB-0BC6-4EDA-94E8-44DCDFDBB1CF}.Release|Any CPU.Build.0 = Release|Any CPU
		{649938B1-9993-4422-A9D9-5075323833E3}.Debug|Any CPU.ActiveCfg = Debug|Any CPU
		{649938B1-9993-4422-A9D9-5075323833E3}.Debug|Any CPU.Build.0 = Debug|Any CPU
		{649938B1-9993-4422-A9D9-5075323833E3}.Release|Any CPU.ActiveCfg = Release|Any CPU
		{649938B1-9993-4422-A9D9-5075323833E3}.Release|Any CPU.Build.0 = Release|Any CPU
		{A2258153-1C1F-4B25-B49A-BCC8EA4A3278}.Debug|Any CPU.ActiveCfg = Debug|Any CPU
		{A2258153-1C1F-4B25-B49A-BCC8EA4A3278}.Debug|Any CPU.Build.0 = Debug|Any CPU
		{A2258153-1C1F-4B25-B49A-BCC8EA4A3278}.Release|Any CPU.ActiveCfg = Release|Any CPU
		{A2258153-1C1F-4B25-B49A-BCC8EA4A3278}.Release|Any CPU.Build.0 = Release|Any CPU
		{53352296-A95F-4153-BABB-BF1D4B1C3531}.Debug|Any CPU.ActiveCfg = Debug|Any CPU
		{53352296-A95F-4153-BABB-BF1D4B1C3531}.Debug|Any CPU.Build.0 = Debug|Any CPU
		{53352296-A95F-4153-BABB-BF1D4B1C3531}.Release|Any CPU.ActiveCfg = Release|Any CPU
		{53352296-A95F-4153-BABB-BF1D4B1C3531}.Release|Any CPU.Build.0 = Release|Any CPU
		{985634CD-739C-43E4-8469-C75C20DC7D9F}.Debug|Any CPU.ActiveCfg = Debug|Any CPU
		{985634CD-739C-43E4-8469-C75C20DC7D9F}.Debug|Any CPU.Build.0 = Debug|Any CPU
		{985634CD-739C-43E4-8469-C75C20DC7D9F}.Release|Any CPU.ActiveCfg = Release|Any CPU
		{985634CD-739C-43E4-8469-C75C20DC7D9F}.Release|Any CPU.Build.0 = Release|Any CPU
		{6754719D-E942-4EBE-AB2B-6FAD997DB685}.Debug|Any CPU.ActiveCfg = Debug|Any CPU
		{6754719D-E942-4EBE-AB2B-6FAD997DB685}.Debug|Any CPU.Build.0 = Debug|Any CPU
		{6754719D-E942-4EBE-AB2B-6FAD997DB685}.Release|Any CPU.ActiveCfg = Release|Any CPU
		{6754719D-E942-4EBE-AB2B-6FAD997DB685}.Release|Any CPU.Build.0 = Release|Any CPU
		{4DDD15F1-F273-441B-92F3-76BD9C089529}.Debug|Any CPU.ActiveCfg = Debug|Any CPU
		{4DDD15F1-F273-441B-92F3-76BD9C089529}.Debug|Any CPU.Build.0 = Debug|Any CPU
		{4DDD15F1-F273-441B-92F3-76BD9C089529}.Release|Any CPU.ActiveCfg = Release|Any CPU
		{4DDD15F1-F273-441B-92F3-76BD9C089529}.Release|Any CPU.Build.0 = Release|Any CPU
		{C69E6668-87D9-4371-ACB3-2E671938A598}.Debug|Any CPU.ActiveCfg = Debug|Any CPU
		{C69E6668-87D9-4371-ACB3-2E671938A598}.Debug|Any CPU.Build.0 = Debug|Any CPU
		{C69E6668-87D9-4371-ACB3-2E671938A598}.Release|Any CPU.ActiveCfg = Release|Any CPU
		{C69E6668-87D9-4371-ACB3-2E671938A598}.Release|Any CPU.Build.0 = Release|Any CPU
		{65C9BCE0-00CD-4CAE-AB0F-A9194B34ABAA}.Debug|Any CPU.ActiveCfg = Debug|Any CPU
		{65C9BCE0-00CD-4CAE-AB0F-A9194B34ABAA}.Debug|Any CPU.Build.0 = Debug|Any CPU
		{65C9BCE0-00CD-4CAE-AB0F-A9194B34ABAA}.Release|Any CPU.ActiveCfg = Release|Any CPU
		{65C9BCE0-00CD-4CAE-AB0F-A9194B34ABAA}.Release|Any CPU.Build.0 = Release|Any CPU
		{1B0D4C01-66CD-4E91-9DA5-9ED4F3319AFA}.Debug|Any CPU.ActiveCfg = Debug|Any CPU
		{1B0D4C01-66CD-4E91-9DA5-9ED4F3319AFA}.Debug|Any CPU.Build.0 = Debug|Any CPU
		{1B0D4C01-66CD-4E91-9DA5-9ED4F3319AFA}.Release|Any CPU.ActiveCfg = Release|Any CPU
		{1B0D4C01-66CD-4E91-9DA5-9ED4F3319AFA}.Release|Any CPU.Build.0 = Release|Any CPU
		{114895ED-FE7A-498B-9F60-FECA85A88422}.Debug|Any CPU.ActiveCfg = Debug|Any CPU
		{114895ED-FE7A-498B-9F60-FECA85A88422}.Debug|Any CPU.Build.0 = Debug|Any CPU
		{114895ED-FE7A-498B-9F60-FECA85A88422}.Release|Any CPU.ActiveCfg = Release|Any CPU
		{114895ED-FE7A-498B-9F60-FECA85A88422}.Release|Any CPU.Build.0 = Release|Any CPU
		{0E6A57A6-FCB5-4D57-8C4B-9081D347028C}.Debug|Any CPU.ActiveCfg = Debug|Any CPU
		{0E6A57A6-FCB5-4D57-8C4B-9081D347028C}.Debug|Any CPU.Build.0 = Debug|Any CPU
		{0E6A57A6-FCB5-4D57-8C4B-9081D347028C}.Release|Any CPU.ActiveCfg = Release|Any CPU
		{0E6A57A6-FCB5-4D57-8C4B-9081D347028C}.Release|Any CPU.Build.0 = Release|Any CPU
		{320D227C-6C26-4B62-8DD4-0EA420C36D7E}.Debug|Any CPU.ActiveCfg = Debug|Any CPU
		{320D227C-6C26-4B62-8DD4-0EA420C36D7E}.Debug|Any CPU.Build.0 = Debug|Any CPU
		{320D227C-6C26-4B62-8DD4-0EA420C36D7E}.Release|Any CPU.ActiveCfg = Release|Any CPU
		{320D227C-6C26-4B62-8DD4-0EA420C36D7E}.Release|Any CPU.Build.0 = Release|Any CPU
		{A3DCC00E-AA51-408B-93C3-5F227CFFCBD3}.Debug|Any CPU.ActiveCfg = Debug|Any CPU
		{A3DCC00E-AA51-408B-93C3-5F227CFFCBD3}.Debug|Any CPU.Build.0 = Debug|Any CPU
		{A3DCC00E-AA51-408B-93C3-5F227CFFCBD3}.Release|Any CPU.ActiveCfg = Release|Any CPU
		{A3DCC00E-AA51-408B-93C3-5F227CFFCBD3}.Release|Any CPU.Build.0 = Release|Any CPU
	EndGlobalSection
EndGlobal
